
Microsoft Visual Studio Solution File, Format Version 12.00
# Visual Studio Version 17
VisualStudioVersion = 17.10.35201.131
MinimumVisualStudioVersion = 10.0.40219.1
Project("{FAE04EC0-301F-11D3-BF4B-00C04F79EFBC}") = "sf.Server", "sf.Server\sf.Server.csproj", "{1555E4E8-6938-4820-9593-6535CBE4848E}"
EndProject
Project("{54A90642-561A-4BB1-A94E-469ADEE60C69}") = "sf.client", "sf.client\sf.client.esproj", "{0675A1DF-14DC-496B-A954-FF9BC8296B02}"
EndProject
Global
	GlobalSection(SolutionConfigurationPlatforms) = preSolution
		Debug|Any CPU = Debug|Any CPU
		Release|Any CPU = Release|Any CPU
	EndGlobalSection
	GlobalSection(ProjectConfigurationPlatforms) = postSolution
		{1555E4E8-6938-4820-9593-6535CBE4848E}.Debug|Any CPU.ActiveCfg = Debug|Any CPU
		{1555E4E8-6938-4820-9593-6535CBE4848E}.Debug|Any CPU.Build.0 = Debug|Any CPU
		{1555E4E8-6938-4820-9593-6535CBE4848E}.Release|Any CPU.ActiveCfg = Release|Any CPU
		{1555E4E8-6938-4820-9593-6535CBE4848E}.Release|Any CPU.Build.0 = Release|Any CPU
		{0675A1DF-14DC-496B-A954-FF9BC8296B02}.Debug|Any CPU.ActiveCfg = Debug|Any CPU
		{0675A1DF-14DC-496B-A954-FF9BC8296B02}.Debug|Any CPU.Build.0 = Debug|Any CPU
		{0675A1DF-14DC-496B-A954-FF9BC8296B02}.Debug|Any CPU.Deploy.0 = Debug|Any CPU
		{0675A1DF-14DC-496B-A954-FF9BC8296B02}.Release|Any CPU.ActiveCfg = Release|Any CPU
		{0675A1DF-14DC-496B-A954-FF9BC8296B02}.Release|Any CPU.Build.0 = Release|Any CPU
		{0675A1DF-14DC-496B-A954-FF9BC8296B02}.Release|Any CPU.Deploy.0 = Release|Any CPU
	EndGlobalSection
	GlobalSection(SolutionProperties) = preSolution
		HideSolutionNode = FALSE
	EndGlobalSection
	GlobalSection(ExtensibilityGlobals) = postSolution
		SolutionGuid = {DDC09417-1A7E-49B8-B7DC-16D87282D0CF}
	EndGlobalSection
EndGlobal
